
Microsoft Visual Studio Solution File, Format Version 12.00
# Visual Studio Version 17
VisualStudioVersion = 17.13.35617.110 d17.13
MinimumVisualStudioVersion = 10.0.40219.1
Project("{888888A0-9F3D-457C-B088-3A5042F75D52}") = "PythonFinance1", "PythonFinance1\PythonFinance1.pyproj", "{702E4080-746A-47E5-8034-FD33CDEF02F5}"
EndProject
Global
	GlobalSection(SolutionConfigurationPlatforms) = preSolution
		Debug|Any CPU = Debug|Any CPU
		Release|Any CPU = Release|Any CPU
	EndGlobalSection
	GlobalSection(ProjectConfigurationPlatforms) = postSolution
		{702E4080-746A-47E5-8034-FD33CDEF02F5}.Debug|Any CPU.ActiveCfg = Debug|Any CPU
		{702E4080-746A-47E5-8034-FD33CDEF02F5}.Release|Any CPU.ActiveCfg = Release|Any CPU
	EndGlobalSection
	GlobalSection(SolutionProperties) = preSolution
		HideSolutionNode = FALSE
	EndGlobalSection
	GlobalSection(ExtensibilityGlobals) = postSolution
		SolutionGuid = {939D9182-ACC1-474D-B437-CF4595ED9002}
	EndGlobalSection
EndGlobal
